{
  "name": "nodeserver",
  "version": "1.0.0",
  "lockfileVersion": 1,
  "requires": true,
  "dependencies": {
    "@types/component-emitter": {
      "version": "1.2.11",
      "resolved": "https://artifacts.daimler.com/artifactory/api/npm/npm-opensource-remote/@types/component-emitter/-/component-emitter-1.2.11.tgz",
      "integrity": "sha1-UNR9QrNHJTgXo5cJ/vA85moQhQY="
    },
    "@types/cookie": {
      "version": "0.4.1",
      "resolved": "https://artifacts.daimler.com/artifactory/api/npm/npm-opensource-remote/@types/cookie/-/cookie-0.4.1.tgz",
      "integrity": "sha1-v9AsHyIkVnZ2wVRRmfh8OoYdh40="
    },
    "@types/cors": {
      "version": "2.8.12",
      "resolved": "https://artifacts.daimler.com/artifactory/api/npm/npm-opensource-remote/@types/cors/-/cors-2.8.12.tgz",
      "integrity": "sha1-ayxRCnrXA56Y57jT1lmPQ1nlwIA="
    },
    "@types/node": {
      "version": "17.0.1",
      "resolved": "https://artifacts.daimler.com/artifactory/api/npm/npm-opensource-remote/@types/node/-/node-17.0.1.tgz",
      "integrity": "sha1-iNUB6EthhfZIns7kup6Pzsfym7I="
    },
    "accepts": {
      "version": "1.3.7",
      "resolved": "https://artifacts.daimler.com/artifactory/api/npm/npm-opensource-remote/accepts/-/accepts-1.3.7.tgz",
      "integrity": "sha1-UxvHJlF6OytB+FACHGzBXqq1B80=",
      "requires": {
        "mime-types": "~2.1.24",
        "negotiator": "0.6.2"
      }
    },
    "base64-arraybuffer": {
      "version": "1.0.1",
      "resolved": "https://artifacts.daimler.com/artifactory/api/npm/npm-opensource-remote/base64-arraybuffer/-/base64-arraybuffer-1.0.1.tgz",
      "integrity": "sha1-h70TUlYm20qYOOAKUIwrc+/PNIw="
    },
    "base64id": {
      "version": "2.0.0",
      "resolved": "https://artifacts.daimler.com/artifactory/api/npm/npm-opensource-remote/base64id/-/base64id-2.0.0.tgz",
      "integrity": "sha1-J3Csa8R9MSr5eov5pjQ0LgzSXLY="
    },
    "component-emitter": {
      "version": "1.3.0",
      "resolved": "https://artifacts.daimler.com/artifactory/api/npm/npm-opensource-remote/component-emitter/-/component-emitter-1.3.0.tgz",
      "integrity": "sha1-FuQHD7qK4ptnnyIVhT7hgasuq8A="
    },
    "cookie": {
      "version": "0.4.1",
      "resolved": "https://artifacts.daimler.com/artifactory/api/npm/npm-opensource-remote/cookie/-/cookie-0.4.1.tgz",
      "integrity": "sha1-r9cT/ibr0hupXOth+agRblClN9E="
    },
    "cors": {
      "version": "2.8.5",
      "resolved": "https://artifacts.daimler.com/artifactory/api/npm/npm-opensource-remote/cors/-/cors-2.8.5.tgz",
      "integrity": "sha1-6sEdpRWS3Ya58G9uesKTs9+HXSk=",
      "requires": {
        "object-assign": "^4",
        "vary": "^1"
      }
    },
    "debug": {
      "version": "4.3.3",
      "resolved": "https://artifacts.daimler.com/artifactory/api/npm/npm-opensource-remote/debug/-/debug-4.3.3.tgz",
      "integrity": "sha1-BCZuC3CpjURi5uKI44JZITMytmQ=",
      "requires": {
        "ms": "2.1.2"
      }
    },
    "engine.io": {
      "version": "6.1.0",
      "resolved": "https://artifacts.daimler.com/artifactory/api/npm/npm-opensource-remote/engine.io/-/engine.io-6.1.0.tgz",
      "integrity": "sha1-RZ6rDDckiZ17Y6IMOmg1z5KFeTk=",
      "requires": {
        "@types/cookie": "^0.4.1",
        "@types/cors": "^2.8.12",
        "@types/node": ">=10.0.0",
        "accepts": "~1.3.4",
        "base64id": "2.0.0",
        "cookie": "~0.4.1",
        "cors": "~2.8.5",
        "debug": "~4.3.1",
        "engine.io-parser": "~5.0.0",
        "ws": "~8.2.3"
      }
    },
    "engine.io-parser": {
      "version": "5.0.2",
      "resolved": "https://artifacts.daimler.com/artifactory/api/npm/npm-opensource-remote/engine.io-parser/-/engine.io-parser-5.0.2.tgz",
      "integrity": "sha1-aaLsPtQx2gIfBmZxLQfxBrz/ps4=",
      "requires": {
        "base64-arraybuffer": "~1.0.1"
      }
    },
    "mime-db": {
      "version": "1.51.0",
      "resolved": "https://artifacts.daimler.com/artifactory/api/npm/npm-opensource-remote/mime-db/-/mime-db-1.51.0.tgz",
      "integrity": "sha1-2f9iRRhZsYNC2WCFDcPPt35j+ww="
    },
    "mime-types": {
      "version": "2.1.34",
      "resolved": "https://artifacts.daimler.com/artifactory/api/npm/npm-opensource-remote/mime-types/-/mime-types-2.1.34.tgz",
      "integrity": "sha1-WnEvnsFQNRGpRYA2QPr+CdN5PCQ=",
      "requires": {
        "mime-db": "1.51.0"
      }
    },
    "ms": {
      "version": "2.1.2",
      "resolved": "https://artifacts.daimler.com/artifactory/api/npm/npm-opensource-remote/ms/-/ms-2.1.2.tgz",
      "integrity": "sha1-0J0fNXtEP0kzgqjrPM0YOHKuYAk="
    },
    "negotiator": {
      "version": "0.6.2",
      "resolved": "https://artifacts.daimler.com/artifactory/api/npm/npm-opensource-remote/negotiator/-/negotiator-0.6.2.tgz",
      "integrity": "sha1-/qz3zPUlp3rpY0Q2pkiD/+yjRvs="
    },
    "object-assign": {
      "version": "4.1.1",
      "resolved": "https://artifacts.daimler.com/artifactory/api/npm/npm-opensource-remote/object-assign/-/object-assign-4.1.1.tgz",
      "integrity": "sha1-IQmtx5ZYh8/AXLvUQsrIv7s2CGM="
    },
    "socket.io": {
      "version": "4.4.0",
      "resolved": "https://artifacts.daimler.com/artifactory/api/npm/npm-opensource-remote/socket.io/-/socket.io-4.4.0.tgz",
      "integrity": "sha1-gUCg2ywiI1+Iptzrhn5NXJvXBQc=",
      "requires": {
        "accepts": "~1.3.4",
        "base64id": "~2.0.0",
        "debug": "~4.3.2",
        "engine.io": "~6.1.0",
        "socket.io-adapter": "~2.3.3",
        "socket.io-parser": "~4.0.4"
      }
    },
    "socket.io-adapter": {
      "version": "2.3.3",
      "resolved": "https://artifacts.daimler.com/artifactory/api/npm/npm-opensource-remote/socket.io-adapter/-/socket.io-adapter-2.3.3.tgz",
      "integrity": "sha1-TWER5NQun3ZG42W09XgmmCHxNIY="
    },
    "socket.io-parser": {
      "version": "4.0.4",
      "resolved": "https://artifacts.daimler.com/artifactory/api/npm/npm-opensource-remote/socket.io-parser/-/socket.io-parser-4.0.4.tgz",
      "integrity": "sha1-nqIbDWFQjRgZbvBKLGuatjD0wrA=",
      "requires": {
        "@types/component-emitter": "^1.2.10",
        "component-emitter": "~1.3.0",
        "debug": "~4.3.1"
      }
    },
    "vary": {
      "version": "1.1.2",
      "resolved": "https://artifacts.daimler.com/artifactory/api/npm/npm-opensource-remote/vary/-/vary-1.1.2.tgz",
      "integrity": "sha1-IpnwLG3tMNSllhsLn3RSShj2NPw="
    },
    "ws": {
      "version": "8.2.3",
      "resolved": "https://artifacts.daimler.com/artifactory/api/npm/npm-opensource-remote/ws/-/ws-8.2.3.tgz",
      "integrity": "sha1-Y6VkVtsbBDZ9C3IaC4DK5ti+y7o="
    }
  }
}
